// !$*UTF8*$!
{
	archiveVersion = 1;
	classes = {
	};
	objectVersion = 45;
	objects = {

/* Begin PBXBuildFile section */
		1D60589B0D05DD56006BFB54 /* main.m in Sources */ = {isa = PBXBuildFile; fileRef = 29B97316FDCFA39411CA2CEA /* main.m */; };
		1D60589F0D05DD5A006BFB54 /* Foundation.framework in Frameworks */ = {isa = PBXBuildFile; fileRef = 1D30AB110D05D00D00671497 /* Foundation.framework */; };
		1DF5F4E00D08C38300B7A737 /* UIKit.framework in Frameworks */ = {isa = PBXBuildFile; fileRef = 1DF5F4DF0D08C38300B7A737 /* UIKit.framework */; };
		2860E328111B887F00E27156 /* AppDelegate_iPhone.m in Sources */ = {isa = PBXBuildFile; fileRef = 2860E326111B887F00E27156 /* AppDelegate_iPhone.m */; };
		2860E329111B887F00E27156 /* MainWindow_iPhone.xib in Resources */ = {isa = PBXBuildFile; fileRef = 2860E327111B887F00E27156 /* MainWindow_iPhone.xib */; };
		2860E32E111B888700E27156 /* AppDelegate_iPad.m in Sources */ = {isa = PBXBuildFile; fileRef = 2860E32C111B888700E27156 /* AppDelegate_iPad.m */; };
		2860E32F111B888700E27156 /* MainWindow_iPad.xib in Resources */ = {isa = PBXBuildFile; fileRef = 2860E32D111B888700E27156 /* MainWindow_iPad.xib */; };
		288765FD0DF74451002DB57D /* CoreGraphics.framework in Frameworks */ = {isa = PBXBuildFile; fileRef = 288765FC0DF74451002DB57D /* CoreGraphics.framework */; };
		3794799813706B8400C0E457 /* JSONKit.m in Sources */ = {isa = PBXBuildFile; fileRef = 3794799713706B8400C0E457 /* JSONKit.m */; };
		F832606A1363D49B0045F9DC /* ChartListViewController.m in Sources */ = {isa = PBXBuildFile; fileRef = F83260691363D49B0045F9DC /* ChartListViewController.m */; };
		F83260901363D5CF0045F9DC /* GenericViewController.m in Sources */ = {isa = PBXBuildFile; fileRef = F832608F1363D5CF0045F9DC /* GenericViewController.m */; };
		F83260AA1363D8170045F9DC /* back_button.png in Resources */ = {isa = PBXBuildFile; fileRef = F83260A81363D8170045F9DC /* back_button.png */; };
		F83260AB1363D8170045F9DC /* back_button@2x.png in Resources */ = {isa = PBXBuildFile; fileRef = F83260A91363D8170045F9DC /* back_button@2x.png */; };
		F83260C21363D91E0045F9DC /* PieChartViewController2.m in Sources */ = {isa = PBXBuildFile; fileRef = F83260C11363D91E0045F9DC /* PieChartViewController2.m */; };
		F87DE41A1370D68300347F69 /* PCHalfPieChart.m in Sources */ = {isa = PBXBuildFile; fileRef = F87DE4191370D68300347F69 /* PCHalfPieChart.m */; };
		F87DE41D1370D82D00347F69 /* HalfPieChartViewController.m in Sources */ = {isa = PBXBuildFile; fileRef = F87DE41C1370D82D00347F69 /* HalfPieChartViewController.m */; };
		F88CC4C813684F0E0096327F /* PCLineChartView.m in Sources */ = {isa = PBXBuildFile; fileRef = F88CC4C713684F0E0096327F /* PCLineChartView.m */; };
		F88CC4D313684FD30096327F /* LineChartViewController.m in Sources */ = {isa = PBXBuildFile; fileRef = F88CC4D213684FD30096327F /* LineChartViewController.m */; };
		F897D6EE13630F560025FE6E /* sample_piechart_data.plist in Resources */ = {isa = PBXBuildFile; fileRef = F897D6ED13630F560025FE6E /* sample_piechart_data.plist */; };
		F897D6F113630FD40025FE6E /* PCPieChart.m in Sources */ = {isa = PBXBuildFile; fileRef = F897D6F013630FD40025FE6E /* PCPieChart.m */; };
		F897D700136311E60025FE6E /* PieChartViewController.m in Sources */ = {isa = PBXBuildFile; fileRef = F897D6FF136311E60025FE6E /* PieChartViewController.m */; };
		F8C1B41C136F8056002DDF6C /* sample_linechart_data.json in Resources */ = {isa = PBXBuildFile; fileRef = F8C1B41B136F8056002DDF6C /* sample_linechart_data.json */; };
/* End PBXBuildFile section */

/* Begin PBXFileReference section */
		1D30AB110D05D00D00671497 /* Foundation.framework */ = {isa = PBXFileReference; lastKnownFileType = wrapper.framework; name = Foundation.framework; path = System/Library/Frameworks/Foundation.framework; sourceTree = SDKROOT; };
		1D6058910D05DD3D006BFB54 /* PlotCreator.app */ = {isa = PBXFileReference; explicitFileType = wrapper.application; includeInIndex = 0; path = PlotCreator.app; sourceTree = BUILT_PRODUCTS_DIR; };
		1DF5F4DF0D08C38300B7A737 /* UIKit.framework */ = {isa = PBXFileReference; lastKnownFileType = wrapper.framework; name = UIKit.framework; path = System/Library/Frameworks/UIKit.framework; sourceTree = SDKROOT; };
		2860E325111B887F00E27156 /* AppDelegate_iPhone.h */ = {isa = PBXFileReference; fileEncoding = 4; lastKnownFileType = sourcecode.c.h; path = AppDelegate_iPhone.h; sourceTree = "<group>"; };
		2860E326111B887F00E27156 /* AppDelegate_iPhone.m */ = {isa = PBXFileReference; fileEncoding = 4; lastKnownFileType = sourcecode.c.objc; path = AppDelegate_iPhone.m; sourceTree = "<group>"; };
		2860E327111B887F00E27156 /* MainWindow_iPhone.xib */ = {isa = PBXFileReference; lastKnownFileType = file.xib; path = MainWindow_iPhone.xib; sourceTree = "<group>"; };
		2860E32B111B888700E27156 /* AppDelegate_iPad.h */ = {isa = PBXFileReference; fileEncoding = 4; lastKnownFileType = sourcecode.c.h; path = AppDelegate_iPad.h; sourceTree = "<group>"; };
		2860E32C111B888700E27156 /* AppDelegate_iPad.m */ = {isa = PBXFileReference; fileEncoding = 4; lastKnownFileType = sourcecode.c.objc; path = AppDelegate_iPad.m; sourceTree = "<group>"; };
		2860E32D111B888700E27156 /* MainWindow_iPad.xib */ = {isa = PBXFileReference; lastKnownFileType = file.xib; path = MainWindow_iPad.xib; sourceTree = "<group>"; };
		288765FC0DF74451002DB57D /* CoreGraphics.framework */ = {isa = PBXFileReference; lastKnownFileType = wrapper.framework; name = CoreGraphics.framework; path = System/Library/Frameworks/CoreGraphics.framework; sourceTree = SDKROOT; };
		29B97316FDCFA39411CA2CEA /* main.m */ = {isa = PBXFileReference; fileEncoding = 4; lastKnownFileType = sourcecode.c.objc; name = main.m; path = Shared/main.m; sourceTree = "<group>"; };
		32CA4F630368D1EE00C91783 /* PlotCreator_Prefix.pch */ = {isa = PBXFileReference; fileEncoding = 4; lastKnownFileType = sourcecode.c.h; path = PlotCreator_Prefix.pch; sourceTree = "<group>"; };
		3794799613706B8400C0E457 /* JSONKit.h */ = {isa = PBXFileReference; fileEncoding = 4; lastKnownFileType = sourcecode.c.h; name = JSONKit.h; path = JSONKit/JSONKit.h; sourceTree = "<group>"; };
		3794799713706B8400C0E457 /* JSONKit.m */ = {isa = PBXFileReference; fileEncoding = 4; lastKnownFileType = sourcecode.c.objc; name = JSONKit.m; path = JSONKit/JSONKit.m; sourceTree = "<group>"; };
		8D1107310486CEB800E47090 /* PlotCreator-Info.plist */ = {isa = PBXFileReference; fileEncoding = 4; lastKnownFileType = text.plist.xml; path = "PlotCreator-Info.plist"; plistStructureDefinitionIdentifier = "com.apple.xcode.plist.structure-definition.iphone.info-plist"; sourceTree = "<group>"; };
		F83260681363D49B0045F9DC /* ChartListViewController.h */ = {isa = PBXFileReference; fileEncoding = 4; lastKnownFileType = sourcecode.c.h; name = ChartListViewController.h; path = iPhone/ChartListViewController.h; sourceTree = "<group>"; };
		F83260691363D49B0045F9DC /* ChartListViewController.m */ = {isa = PBXFileReference; fileEncoding = 4; lastKnownFileType = sourcecode.c.objc; name = ChartListViewController.m; path = iPhone/ChartListViewController.m; sourceTree = "<group>"; };
		F832608E1363D5CF0045F9DC /* GenericViewController.h */ = {isa = PBXFileReference; fileEncoding = 4; lastKnownFileType = sourcecode.c.h; name = GenericViewController.h; path = iPhone/GenericViewController.h; sourceTree = "<group>"; };
		F832608F1363D5CF0045F9DC /* GenericViewController.m */ = {isa = PBXFileReference; fileEncoding = 4; lastKnownFileType = sourcecode.c.objc; name = GenericViewController.m; path = iPhone/GenericViewController.m; sourceTree = "<group>"; };
		F83260A81363D8170045F9DC /* back_button.png */ = {isa = PBXFileReference; lastKnownFileType = image.png; name = back_button.png; path = Images/back_button.png; sourceTree = "<group>"; };
		F83260A91363D8170045F9DC /* back_button@2x.png */ = {isa = PBXFileReference; lastKnownFileType = image.png; name = "back_button@2x.png"; path = "Images/back_button@2x.png"; sourceTree = "<group>"; };
		F83260C01363D91E0045F9DC /* PieChartViewController2.h */ = {isa = PBXFileReference; fileEncoding = 4; lastKnownFileType = sourcecode.c.h; name = PieChartViewController2.h; path = iPhone/PieChartViewController2.h; sourceTree = "<group>"; };
		F83260C11363D91E0045F9DC /* PieChartViewController2.m */ = {isa = PBXFileReference; fileEncoding = 4; lastKnownFileType = sourcecode.c.objc; name = PieChartViewController2.m; path = iPhone/PieChartViewController2.m; sourceTree = "<group>"; };
		F87DE4181370D68300347F69 /* PCHalfPieChart.h */ = {isa = PBXFileReference; fileEncoding = 4; lastKnownFileType = sourcecode.c.h; path = PCHalfPieChart.h; sourceTree = "<group>"; };
		F87DE4191370D68300347F69 /* PCHalfPieChart.m */ = {isa = PBXFileReference; fileEncoding = 4; lastKnownFileType = sourcecode.c.objc; path = PCHalfPieChart.m; sourceTree = "<group>"; };
		F87DE41B1370D82D00347F69 /* HalfPieChartViewController.h */ = {isa = PBXFileReference; fileEncoding = 4; lastKnownFileType = sourcecode.c.h; path = HalfPieChartViewController.h; sourceTree = "<group>"; };
		F87DE41C1370D82D00347F69 /* HalfPieChartViewController.m */ = {isa = PBXFileReference; fileEncoding = 4; lastKnownFileType = sourcecode.c.objc; path = HalfPieChartViewController.m; sourceTree = "<group>"; };
		F88CC4C613684F0E0096327F /* PCLineChartView.h */ = {isa = PBXFileReference; fileEncoding = 4; lastKnownFileType = sourcecode.c.h; name = PCLineChartView.h; path = Shared/PCLineChartView.h; sourceTree = "<group>"; };
		F88CC4C713684F0E0096327F /* PCLineChartView.m */ = {isa = PBXFileReference; fileEncoding = 4; lastKnownFileType = sourcecode.c.objc; name = PCLineChartView.m; path = Shared/PCLineChartView.m; sourceTree = "<group>"; };
		F88CC4D113684FD30096327F /* LineChartViewController.h */ = {isa = PBXFileReference; fileEncoding = 4; lastKnownFileType = sourcecode.c.h; name = LineChartViewController.h; path = iPhone/LineChartViewController.h; sourceTree = "<group>"; };
		F88CC4D213684FD30096327F /* LineChartViewController.m */ = {isa = PBXFileReference; fileEncoding = 4; lastKnownFileType = sourcecode.c.objc; name = LineChartViewController.m; path = iPhone/LineChartViewController.m; sourceTree = "<group>"; };
		F897D6ED13630F560025FE6E /* sample_piechart_data.plist */ = {isa = PBXFileReference; fileEncoding = 4; lastKnownFileType = text.plist.xml; name = sample_piechart_data.plist; path = "Sample Data/sample_piechart_data.plist"; sourceTree = "<group>"; };
		F897D6EF13630FD40025FE6E /* PCPieChart.h */ = {isa = PBXFileReference; fileEncoding = 4; lastKnownFileType = sourcecode.c.h; name = PCPieChart.h; path = Shared/PCPieChart.h; sourceTree = "<group>"; };
		F897D6F013630FD40025FE6E /* PCPieChart.m */ = {isa = PBXFileReference; fileEncoding = 4; lastKnownFileType = sourcecode.c.objc; name = PCPieChart.m; path = Shared/PCPieChart.m; sourceTree = "<group>"; };
		F897D6FE136311E60025FE6E /* PieChartViewController.h */ = {isa = PBXFileReference; fileEncoding = 4; lastKnownFileType = sourcecode.c.h; name = PieChartViewController.h; path = iPhone/PieChartViewController.h; sourceTree = "<group>"; };
		F897D6FF136311E60025FE6E /* PieChartViewController.m */ = {isa = PBXFileReference; fileEncoding = 4; lastKnownFileType = sourcecode.c.objc; name = PieChartViewController.m; path = iPhone/PieChartViewController.m; sourceTree = "<group>"; };
		F8C1B41B136F8056002DDF6C /* sample_linechart_data.json */ = {isa = PBXFileReference; fileEncoding = 4; lastKnownFileType = text; name = sample_linechart_data.json; path = "Sample Data/sample_linechart_data.json"; sourceTree = "<group>"; };
/* End PBXFileReference section */

/* Begin PBXFrameworksBuildPhase section */
		1D60588F0D05DD3D006BFB54 /* Frameworks */ = {
			isa = PBXFrameworksBuildPhase;
			buildActionMask = 2147483647;
			files = (
				1D60589F0D05DD5A006BFB54 /* Foundation.framework in Frameworks */,
				1DF5F4E00D08C38300B7A737 /* UIKit.framework in Frameworks */,
				288765FD0DF74451002DB57D /* CoreGraphics.framework in Frameworks */,
			);
			runOnlyForDeploymentPostprocessing = 0;
		};
/* End PBXFrameworksBuildPhase section */

/* Begin PBXGroup section */
		19C28FACFE9D520D11CA2CBB /* Products */ = {
			isa = PBXGroup;
			children = (
				1D6058910D05DD3D006BFB54 /* PlotCreator.app */,
			);
			name = Products;
			sourceTree = "<group>";
		};
		2860E324111B887F00E27156 /* iPhone */ = {
			isa = PBXGroup;
			children = (
				2860E325111B887F00E27156 /* AppDelegate_iPhone.h */,
				2860E326111B887F00E27156 /* AppDelegate_iPhone.m */,
				2860E327111B887F00E27156 /* MainWindow_iPhone.xib */,
			);
			path = iPhone;
			sourceTree = "<group>";
		};
		2860E32A111B888700E27156 /* iPad */ = {
			isa = PBXGroup;
			children = (
				2860E32B111B888700E27156 /* AppDelegate_iPad.h */,
				2860E32C111B888700E27156 /* AppDelegate_iPad.m */,
				2860E32D111B888700E27156 /* MainWindow_iPad.xib */,
			);
			path = iPad;
			sourceTree = "<group>";
		};
		28EEBF621118D79A00187D67 /* Shared */ = {
			isa = PBXGroup;
			children = (
				3794799B13706BB200C0E457 /* iOSPlot */,
				F8C1B407136F7FB7002DDF6C /* JSONKit */,
				F897D6FE136311E60025FE6E /* PieChartViewController.h */,
				F897D6FF136311E60025FE6E /* PieChartViewController.m */,
				F83260C01363D91E0045F9DC /* PieChartViewController2.h */,
				F83260C11363D91E0045F9DC /* PieChartViewController2.m */,
				F87DE41B1370D82D00347F69 /* HalfPieChartViewController.h */,
				F87DE41C1370D82D00347F69 /* HalfPieChartViewController.m */,
				F83260681363D49B0045F9DC /* ChartListViewController.h */,
				F83260691363D49B0045F9DC /* ChartListViewController.m */,
				F88CC4D113684FD30096327F /* LineChartViewController.h */,
				F88CC4D213684FD30096327F /* LineChartViewController.m */,
				F832608E1363D5CF0045F9DC /* GenericViewController.h */,
				F832608F1363D5CF0045F9DC /* GenericViewController.m */,
				8D1107310486CEB800E47090 /* PlotCreator-Info.plist */,
			);
			name = Shared;
			sourceTree = "<group>";
		};
		29B97314FDCFA39411CA2CEA /* CustomTemplate */ = {
			isa = PBXGroup;
			children = (
				2860E32A111B888700E27156 /* iPad */,
				2860E324111B887F00E27156 /* iPhone */,
				28EEBF621118D79A00187D67 /* Shared */,
				29B97315FDCFA39411CA2CEA /* Other Sources */,
				29B97323FDCFA39411CA2CEA /* Frameworks */,
				19C28FACFE9D520D11CA2CBB /* Products */,
			);
			name = CustomTemplate;
			sourceTree = "<group>";
		};
		29B97315FDCFA39411CA2CEA /* Other Sources */ = {
			isa = PBXGroup;
			children = (
				F83260A81363D8170045F9DC /* back_button.png */,
				F83260A91363D8170045F9DC /* back_button@2x.png */,
				F897D6E513630F4B0025FE6E /* Sample Data */,
				32CA4F630368D1EE00C91783 /* PlotCreator_Prefix.pch */,
				29B97316FDCFA39411CA2CEA /* main.m */,
			);
			name = "Other Sources";
			sourceTree = "<group>";
		};
		29B97323FDCFA39411CA2CEA /* Frameworks */ = {
			isa = PBXGroup;
			children = (
				1DF5F4DF0D08C38300B7A737 /* UIKit.framework */,
				1D30AB110D05D00D00671497 /* Foundation.framework */,
				288765FC0DF74451002DB57D /* CoreGraphics.framework */,
			);
			name = Frameworks;
			sourceTree = "<group>";
		};
		3794799B13706BB200C0E457 /* iOSPlot */ = {
			isa = PBXGroup;
			children = (
				F897D6EF13630FD40025FE6E /* PCPieChart.h */,
				F897D6F013630FD40025FE6E /* PCPieChart.m */,
				F88CC4C613684F0E0096327F /* PCLineChartView.h */,
				F88CC4C713684F0E0096327F /* PCLineChartView.m */,
				F87DE4181370D68300347F69 /* PCHalfPieChart.h */,
				F87DE4191370D68300347F69 /* PCHalfPieChart.m */,
			);
			name = iOSPlot;
			sourceTree = "<group>";
		};
		F897D6E513630F4B0025FE6E /* Sample Data */ = {
			isa = PBXGroup;
			children = (
				F8C1B41B136F8056002DDF6C /* sample_linechart_data.json */,
				F897D6ED13630F560025FE6E /* sample_piechart_data.plist */,
			);
			name = "Sample Data";
			sourceTree = "<group>";
		};
		F8C1B407136F7FB7002DDF6C /* JSONKit */ = {
			isa = PBXGroup;
			children = (
				3794799613706B8400C0E457 /* JSONKit.h */,
				3794799713706B8400C0E457 /* JSONKit.m */,
			);
			name = JSONKit;
			sourceTree = "<group>";
		};
/* End PBXGroup section */

/* Begin PBXNativeTarget section */
		1D6058900D05DD3D006BFB54 /* PlotCreator */ = {
			isa = PBXNativeTarget;
			buildConfigurationList = 1D6058960D05DD3E006BFB54 /* Build configuration list for PBXNativeTarget "PlotCreator" */;
			buildPhases = (
				1D60588D0D05DD3D006BFB54 /* Resources */,
				1D60588E0D05DD3D006BFB54 /* Sources */,
				1D60588F0D05DD3D006BFB54 /* Frameworks */,
			);
			buildRules = (
			);
			dependencies = (
			);
			name = PlotCreator;
			productName = PlotCreator;
			productReference = 1D6058910D05DD3D006BFB54 /* PlotCreator.app */;
			productType = "com.apple.product-type.application";
		};
/* End PBXNativeTarget section */

/* Begin PBXProject section */
		29B97313FDCFA39411CA2CEA /* Project object */ = {
			isa = PBXProject;
			buildConfigurationList = C01FCF4E08A954540054247B /* Build configuration list for PBXProject "PlotCreator" */;
			compatibilityVersion = "Xcode 3.1";
			developmentRegion = English;
			hasScannedForEncodings = 1;
			knownRegions = (
				English,
				Japanese,
				French,
				German,
			);
			mainGroup = 29B97314FDCFA39411CA2CEA /* CustomTemplate */;
			projectDirPath = "";
			projectRoot = "";
			targets = (
				1D6058900D05DD3D006BFB54 /* PlotCreator */,
			);
		};
/* End PBXProject section */

/* Begin PBXResourcesBuildPhase section */
		1D60588D0D05DD3D006BFB54 /* Resources */ = {
			isa = PBXResourcesBuildPhase;
			buildActionMask = 2147483647;
			files = (
				2860E329111B887F00E27156 /* MainWindow_iPhone.xib in Resources */,
				2860E32F111B888700E27156 /* MainWindow_iPad.xib in Resources */,
				F897D6EE13630F560025FE6E /* sample_piechart_data.plist in Resources */,
				F83260AA1363D8170045F9DC /* back_button.png in Resources */,
				F83260AB1363D8170045F9DC /* back_button@2x.png in Resources */,
				F8C1B41C136F8056002DDF6C /* sample_linechart_data.json in Resources */,
			);
			runOnlyForDeploymentPostprocessing = 0;
		};
/* End PBXResourcesBuildPhase section */

/* Begin PBXSourcesBuildPhase section */
		1D60588E0D05DD3D006BFB54 /* Sources */ = {
			isa = PBXSourcesBuildPhase;
			buildActionMask = 2147483647;
			files = (
				1D60589B0D05DD56006BFB54 /* main.m in Sources */,
				2860E328111B887F00E27156 /* AppDelegate_iPhone.m in Sources */,
				2860E32E111B888700E27156 /* AppDelegate_iPad.m in Sources */,
				F897D6F113630FD40025FE6E /* PCPieChart.m in Sources */,
				F897D700136311E60025FE6E /* PieChartViewController.m in Sources */,
				F832606A1363D49B0045F9DC /* ChartListViewController.m in Sources */,
				F83260901363D5CF0045F9DC /* GenericViewController.m in Sources */,
				F83260C21363D91E0045F9DC /* PieChartViewController2.m in Sources */,
				F88CC4C813684F0E0096327F /* PCLineChartView.m in Sources */,
				F88CC4D313684FD30096327F /* LineChartViewController.m in Sources */,
				3794799813706B8400C0E457 /* JSONKit.m in Sources */,
				F87DE41A1370D68300347F69 /* PCHalfPieChart.m in Sources */,
				F87DE41D1370D82D00347F69 /* HalfPieChartViewController.m in Sources */,
			);
			runOnlyForDeploymentPostprocessing = 0;
		};
/* End PBXSourcesBuildPhase section */

/* Begin XCBuildConfiguration section */
		1D6058940D05DD3E006BFB54 /* Debug */ = {
			isa = XCBuildConfiguration;
			buildSettings = {
				ALWAYS_SEARCH_USER_PATHS = NO;
				COPY_PHASE_STRIP = NO;
				GCC_DYNAMIC_NO_PIC = NO;
				GCC_OPTIMIZATION_LEVEL = 0;
				GCC_PRECOMPILE_PREFIX_HEADER = YES;
				GCC_PREFIX_HEADER = PlotCreator_Prefix.pch;
				INFOPLIST_FILE = "PlotCreator-Info.plist";
				PRODUCT_NAME = PlotCreator;
			};
			name = Debug;
		};
		1D6058950D05DD3E006BFB54 /* Release */ = {
			isa = XCBuildConfiguration;
			buildSettings = {
				ALWAYS_SEARCH_USER_PATHS = NO;
				COPY_PHASE_STRIP = YES;
				GCC_PRECOMPILE_PREFIX_HEADER = YES;
				GCC_PREFIX_HEADER = PlotCreator_Prefix.pch;
				INFOPLIST_FILE = "PlotCreator-Info.plist";
				PRODUCT_NAME = PlotCreator;
				VALIDATE_PRODUCT = YES;
			};
			name = Release;
		};
		C01FCF4F08A954540054247B /* Debug */ = {
			isa = XCBuildConfiguration;
			buildSettings = {
				ARCHS = "$(ARCHS_STANDARD_32_BIT)";
				"CODE_SIGN_IDENTITY[sdk=iphoneos*]" = "iPhone Developer";
				GCC_C_LANGUAGE_STANDARD = c99;
				GCC_WARN_ABOUT_RETURN_TYPE = YES;
				GCC_WARN_UNUSED_VARIABLE = YES;
				PREBINDING = NO;
				SDKROOT = iphoneos;
				TARGETED_DEVICE_FAMILY = "1,2";
			};
			name = Debug;
		};
		C01FCF5008A954540054247B /* Release */ = {
			isa = XCBuildConfiguration;
			buildSettings = {
				ARCHS = "$(ARCHS_STANDARD_32_BIT)";
				"CODE_SIGN_IDENTITY[sdk=iphoneos*]" = "iPhone Developer";
				GCC_C_LANGUAGE_STANDARD = c99;
				GCC_WARN_ABOUT_RETURN_TYPE = YES;
				GCC_WARN_UNUSED_VARIABLE = YES;
				OTHER_CFLAGS = "-DNS_BLOCK_ASSERTIONS=1";
				PREBINDING = NO;
				SDKROOT = iphoneos;
				TARGETED_DEVICE_FAMILY = "1,2";
			};
			name = Release;
		};
/* End XCBuildConfiguration section */

/* Begin XCConfigurationList section */
		1D6058960D05DD3E006BFB54 /* Build configuration list for PBXNativeTarget "PlotCreator" */ = {
			isa = XCConfigurationList;
			buildConfigurations = (
				1D6058940D05DD3E006BFB54 /* Debug */,
				1D6058950D05DD3E006BFB54 /* Release */,
			);
			defaultConfigurationIsVisible = 0;
			defaultConfigurationName = Release;
		};
		C01FCF4E08A954540054247B /* Build configuration list for PBXProject "PlotCreator" */ = {
			isa = XCConfigurationList;
			buildConfigurations = (
				C01FCF4F08A954540054247B /* Debug */,
				C01FCF5008A954540054247B /* Release */,
			);
			defaultConfigurationIsVisible = 0;
			defaultConfigurationName = Release;
		};
/* End XCConfigurationList section */
	};
	rootObject = 29B97313FDCFA39411CA2CEA /* Project object */;
}
